{
  "name": "playwright-exmaple",
  "version": "1.0.0",
  "lockfileVersion": 2,
  "requires": true,
  "packages": {
    "": {
      "name": "playwright-exmaple",
      "version": "1.0.0",
      "license": "ISC",
      "dependencies": {
        "@axe-core/playwright": "^4.4.4"
      },
      "devDependencies": {
        "@playwright/test": "^1.26.0"
      }
    },
    "node_modules/@axe-core/playwright": {
      "version": "4.4.4",
      "resolved": "https://registry.npmjs.org/@axe-core/playwright/-/playwright-4.4.4.tgz",
      "integrity": "sha512-VA7MR1WCqW5tFcUGCXDaaqV9pJUCdOGIR4DiZJrOxGjeRYxz3VwyMc1MDg/yiJ5fQA/QYMx+w0mvqYEr3CPx7w==",
      "dependencies": {
        "axe-core": "^4.4.2",
        "playwright": ">= 1.0.0"
      },
      "peerDependencies": {
        "playwright": ">= 1.0.0"
      }
    },
    "node_modules/@playwright/test": {
      "version": "1.26.0",
      "resolved": "https://registry.npmjs.org/@playwright/test/-/test-1.26.0.tgz",
      "integrity": "sha512-D24pu1k/gQw3Lhbpc38G5bXlBjGDrH5A52MsrH12wz6ohGDeQ+aZg/JFSEsT/B3G8zlJe/EU4EkJK74hpqsjEg==",
      "dev": true,
      "dependencies": {
        "@types/node": "*",
        "playwright-core": "1.26.0"
      },
      "bin": {
        "playwright": "cli.js"
      },
      "engines": {
        "node": ">=14"
      }
    },
    "node_modules/@types/node": {
      "version": "18.7.21",
      "resolved": "https://registry.npmjs.org/@types/node/-/node-18.7.21.tgz",
      "integrity": "sha512-rLFzK5bhM0YPyCoTC8bolBjMk7bwnZ8qeZUBslBfjZQou2ssJdWslx9CZ8DGM+Dx7QXQiiTVZ/6QO6kwtHkZCA==",
      "dev": true
    },
    "node_modules/axe-core": {
      "version": "4.4.3",
      "resolved": "https://registry.npmjs.org/axe-core/-/axe-core-4.4.3.tgz",
      "integrity": "sha512-32+ub6kkdhhWick/UjvEwRchgoetXqTK14INLqbGm5U2TzBkBNF3nQtLYm8ovxSkQWArjEQvftCKryjZaATu3w==",
      "engines": {
        "node": ">=4"
      }
    },
    "node_modules/playwright": {
      "version": "1.26.0",
      "resolved": "https://registry.npmjs.org/playwright/-/playwright-1.26.0.tgz",
      "integrity": "sha512-XxTVlvFEYHdatxUkh1KiPq9BclNtFKMi3BgQnl/aactmhN4G9AkZUXwt0ck6NDAOrDFlfibhbM7A1kZwQJKSBw==",
      "hasInstallScript": true,
      "dependencies": {
        "playwright-core": "1.26.0"
      },
      "bin": {
        "playwright": "cli.js"
      },
      "engines": {
        "node": ">=14"
      }
    },
    "node_modules/playwright-core": {
      "version": "1.26.0",
      "resolved": "https://registry.npmjs.org/playwright-core/-/playwright-core-1.26.0.tgz",
      "integrity": "sha512-p8huU8eU4gD3VkJd3DA1nA7R3XA6rFvFL+1RYS96cSljCF2yJE9CWEHTPF4LqX8KN9MoWCrAfVKP5381X3CZqg==",
      "bin": {
        "playwright": "cli.js"
      },
      "engines": {
        "node": ">=14"
      }
    }
  },
  "dependencies": {
    "@axe-core/playwright": {
      "version": "4.4.4",
      "resolved": "https://registry.npmjs.org/@axe-core/playwright/-/playwright-4.4.4.tgz",
      "integrity": "sha512-VA7MR1WCqW5tFcUGCXDaaqV9pJUCdOGIR4DiZJrOxGjeRYxz3VwyMc1MDg/yiJ5fQA/QYMx+w0mvqYEr3CPx7w==",
      "requires": {
        "axe-core": "^4.4.2",
        "playwright": ">= 1.0.0"
      }
    },
    "@playwright/test": {
      "version": "1.26.0",
      "resolved": "https://registry.npmjs.org/@playwright/test/-/test-1.26.0.tgz",
      "integrity": "sha512-D24pu1k/gQw3Lhbpc38G5bXlBjGDrH5A52MsrH12wz6ohGDeQ+aZg/JFSEsT/B3G8zlJe/EU4EkJK74hpqsjEg==",
      "dev": true,
      "requires": {
        "@types/node": "*",
        "playwright-core": "1.26.0"
      }
    },
    "@types/node": {
      "version": "18.7.21",
      "resolved": "https://registry.npmjs.org/@types/node/-/node-18.7.21.tgz",
      "integrity": "sha512-rLFzK5bhM0YPyCoTC8bolBjMk7bwnZ8qeZUBslBfjZQou2ssJdWslx9CZ8DGM+Dx7QXQiiTVZ/6QO6kwtHkZCA==",
      "dev": true
    },
    "axe-core": {
      "version": "4.4.3",
      "resolved": "https://registry.npmjs.org/axe-core/-/axe-core-4.4.3.tgz",
      "integrity": "sha512-32+ub6kkdhhWick/UjvEwRchgoetXqTK14INLqbGm5U2TzBkBNF3nQtLYm8ovxSkQWArjEQvftCKryjZaATu3w=="
    },
    "playwright": {
      "version": "1.26.0",
      "resolved": "https://registry.npmjs.org/playwright/-/playwright-1.26.0.tgz",
      "integrity": "sha512-XxTVlvFEYHdatxUkh1KiPq9BclNtFKMi3BgQnl/aactmhN4G9AkZUXwt0ck6NDAOrDFlfibhbM7A1kZwQJKSBw==",
      "requires": {
        "playwright-core": "1.26.0"
      }
    },
    "playwright-core": {
      "version": "1.26.0",
      "resolved": "https://registry.npmjs.org/playwright-core/-/playwright-core-1.26.0.tgz",
      "integrity": "sha512-p8huU8eU4gD3VkJd3DA1nA7R3XA6rFvFL+1RYS96cSljCF2yJE9CWEHTPF4LqX8KN9MoWCrAfVKP5381X3CZqg=="
    }
  }
}
